// !$*UTF8*$!
{
	archiveVersion = 1;
	classes = {
	};
	objectVersion = 55;
	objects = {

/* Begin PBXBuildFile section */
		25E7A3E88668AB4630A0CA7C /* libPods-MyLocalWeather.a in Frameworks */ = {isa = PBXBuildFile; fileRef = 63FAD35DCFF3A78F6CA26339 /* libPods-MyLocalWeather.a */; };
		8311283927A74DDB002428B5 /* WeatherApi.swift in Sources */ = {isa = PBXBuildFile; fileRef = 8311283827A74DDB002428B5 /* WeatherApi.swift */; };
		8311283B27A74E20002428B5 /* CoreLocation.framework in Frameworks */ = {isa = PBXBuildFile; fileRef = 8311283A27A74E20002428B5 /* CoreLocation.framework */; };
		8311283E27A75EB8002428B5 /* DownloadManager.swift in Sources */ = {isa = PBXBuildFile; fileRef = 8311283D27A75EB8002428B5 /* DownloadManager.swift */; };
		8311284027A77577002428B5 /* Location.swift in Sources */ = {isa = PBXBuildFile; fileRef = 8311283F27A77577002428B5 /* Location.swift */; };
		8361F58127A4D39500E7D4EC /* ForecastDetailsView.swift in Sources */ = {isa = PBXBuildFile; fileRef = 8361F58027A4D39500E7D4EC /* ForecastDetailsView.swift */; };
		8361F58327A4D6C700E7D4EC /* Group.swift in Sources */ = {isa = PBXBuildFile; fileRef = 8361F58227A4D6C700E7D4EC /* Group.swift */; };
		83A1DFF227A4582200E047B4 /* MyLocalWeatherApp.swift in Sources */ = {isa = PBXBuildFile; fileRef = 83A1DFF127A4582200E047B4 /* MyLocalWeatherApp.swift */; };
		83A1DFF427A4582200E047B4 /* CityListNavView.swift in Sources */ = {isa = PBXBuildFile; fileRef = 83A1DFF327A4582200E047B4 /* CityListNavView.swift */; };
		83A1DFF627A4582300E047B4 /* Assets.xcassets in Resources */ = {isa = PBXBuildFile; fileRef = 83A1DFF527A4582300E047B4 /* Assets.xcassets */; };
		83A1DFF927A4582300E047B4 /* Preview Assets.xcassets in Resources */ = {isa = PBXBuildFile; fileRef = 83A1DFF827A4582300E047B4 /* Preview Assets.xcassets */; };
		83A1E00327A4582300E047B4 /* MyLocalWeatherTests.swift in Sources */ = {isa = PBXBuildFile; fileRef = 83A1E00227A4582300E047B4 /* MyLocalWeatherTests.swift */; };
		83A1E00D27A4582300E047B4 /* MyLocalWeatherUITests.swift in Sources */ = {isa = PBXBuildFile; fileRef = 83A1E00C27A4582300E047B4 /* MyLocalWeatherUITests.swift */; };
		83A1E00F27A4582300E047B4 /* MyLocalWeatherUITestsLaunchTests.swift in Sources */ = {isa = PBXBuildFile; fileRef = 83A1E00E27A4582300E047B4 /* MyLocalWeatherUITestsLaunchTests.swift */; };
		83A1E01C27A47B4300E047B4 /* CityListItemView.swift in Sources */ = {isa = PBXBuildFile; fileRef = 83A1E01B27A47B4300E047B4 /* CityListItemView.swift */; };
		83A1E01F27A4A5A500E047B4 /* Realm in Frameworks */ = {isa = PBXBuildFile; productRef = 83A1E01E27A4A5A500E047B4 /* Realm */; };
		83A1E02127A4A5A500E047B4 /* RealmSwift in Frameworks */ = {isa = PBXBuildFile; productRef = 83A1E02027A4A5A500E047B4 /* RealmSwift */; };
		83A1E02427A4A8FB00E047B4 /* City.swift in Sources */ = {isa = PBXBuildFile; fileRef = 83A1E02327A4A8FB00E047B4 /* City.swift */; };
		83A99BE327A886BB00F01F0E /* Double+extension.swift in Sources */ = {isa = PBXBuildFile; fileRef = 83A99BE227A886BB00F01F0E /* Double+extension.swift */; };
		83AE5EC527A7075B00A9289D /* AddPlacesView.swift in Sources */ = {isa = PBXBuildFile; fileRef = 83AE5EC427A7075B00A9289D /* AddPlacesView.swift */; };
/* End PBXBuildFile section */

/* Begin PBXContainerItemProxy section */
		83A1DFFF27A4582300E047B4 /* PBXContainerItemProxy */ = {
			isa = PBXContainerItemProxy;
			containerPortal = 83A1DFE627A4582100E047B4 /* Project object */;
			proxyType = 1;
			remoteGlobalIDString = 83A1DFED27A4582200E047B4;
			remoteInfo = MyLocalWeather;
		};
		83A1E00927A4582300E047B4 /* PBXContainerItemProxy */ = {
			isa = PBXContainerItemProxy;
			containerPortal = 83A1DFE627A4582100E047B4 /* Project object */;
			proxyType = 1;
			remoteGlobalIDString = 83A1DFED27A4582200E047B4;
			remoteInfo = MyLocalWeather;
		};
/* End PBXContainerItemProxy section */

/* Begin PBXFileReference section */
		487A3F2D9C95D8A974D95890 /* Pods-MyLocalWeather.release.xcconfig */ = {isa = PBXFileReference; includeInIndex = 1; lastKnownFileType = text.xcconfig; name = "Pods-MyLocalWeather.release.xcconfig"; path = "Target Support Files/Pods-MyLocalWeather/Pods-MyLocalWeather.release.xcconfig"; sourceTree = "<group>"; };
		63FAD35DCFF3A78F6CA26339 /* libPods-MyLocalWeather.a */ = {isa = PBXFileReference; explicitFileType = archive.ar; includeInIndex = 0; path = "libPods-MyLocalWeather.a"; sourceTree = BUILT_PRODUCTS_DIR; };
		8311283827A74DDB002428B5 /* WeatherApi.swift */ = {isa = PBXFileReference; lastKnownFileType = sourcecode.swift; path = WeatherApi.swift; sourceTree = "<group>"; };
		8311283A27A74E20002428B5 /* CoreLocation.framework */ = {isa = PBXFileReference; lastKnownFileType = wrapper.framework; name = CoreLocation.framework; path = System/Library/Frameworks/CoreLocation.framework; sourceTree = SDKROOT; };
		8311283D27A75EB8002428B5 /* DownloadManager.swift */ = {isa = PBXFileReference; lastKnownFileType = sourcecode.swift; path = DownloadManager.swift; sourceTree = "<group>"; };
		8311283F27A77577002428B5 /* Location.swift */ = {isa = PBXFileReference; lastKnownFileType = sourcecode.swift; path = Location.swift; sourceTree = "<group>"; };
		8361F58027A4D39500E7D4EC /* ForecastDetailsView.swift */ = {isa = PBXFileReference; lastKnownFileType = sourcecode.swift; path = ForecastDetailsView.swift; sourceTree = "<group>"; };
		8361F58227A4D6C700E7D4EC /* Group.swift */ = {isa = PBXFileReference; lastKnownFileType = sourcecode.swift; path = Group.swift; sourceTree = "<group>"; };
		83A1DFEE27A4582200E047B4 /* MyLocalWeather.app */ = {isa = PBXFileReference; explicitFileType = wrapper.application; includeInIndex = 0; path = MyLocalWeather.app; sourceTree = BUILT_PRODUCTS_DIR; };
		83A1DFF127A4582200E047B4 /* MyLocalWeatherApp.swift */ = {isa = PBXFileReference; lastKnownFileType = sourcecode.swift; path = MyLocalWeatherApp.swift; sourceTree = "<group>"; };
		83A1DFF327A4582200E047B4 /* CityListNavView.swift */ = {isa = PBXFileReference; lastKnownFileType = sourcecode.swift; path = CityListNavView.swift; sourceTree = "<group>"; };
		83A1DFF527A4582300E047B4 /* Assets.xcassets */ = {isa = PBXFileReference; lastKnownFileType = folder.assetcatalog; path = Assets.xcassets; sourceTree = "<group>"; };
		83A1DFF827A4582300E047B4 /* Preview Assets.xcassets */ = {isa = PBXFileReference; lastKnownFileType = folder.assetcatalog; path = "Preview Assets.xcassets"; sourceTree = "<group>"; };
		83A1DFFE27A4582300E047B4 /* MyLocalWeatherTests.xctest */ = {isa = PBXFileReference; explicitFileType = wrapper.cfbundle; includeInIndex = 0; path = MyLocalWeatherTests.xctest; sourceTree = BUILT_PRODUCTS_DIR; };
		83A1E00227A4582300E047B4 /* MyLocalWeatherTests.swift */ = {isa = PBXFileReference; lastKnownFileType = sourcecode.swift; path = MyLocalWeatherTests.swift; sourceTree = "<group>"; };
		83A1E00827A4582300E047B4 /* MyLocalWeatherUITests.xctest */ = {isa = PBXFileReference; explicitFileType = wrapper.cfbundle; includeInIndex = 0; path = MyLocalWeatherUITests.xctest; sourceTree = BUILT_PRODUCTS_DIR; };
		83A1E00C27A4582300E047B4 /* MyLocalWeatherUITests.swift */ = {isa = PBXFileReference; lastKnownFileType = sourcecode.swift; path = MyLocalWeatherUITests.swift; sourceTree = "<group>"; };
		83A1E00E27A4582300E047B4 /* MyLocalWeatherUITestsLaunchTests.swift */ = {isa = PBXFileReference; lastKnownFileType = sourcecode.swift; path = MyLocalWeatherUITestsLaunchTests.swift; sourceTree = "<group>"; };
		83A1E01B27A47B4300E047B4 /* CityListItemView.swift */ = {isa = PBXFileReference; lastKnownFileType = sourcecode.swift; path = CityListItemView.swift; sourceTree = "<group>"; };
		83A1E02327A4A8FB00E047B4 /* City.swift */ = {isa = PBXFileReference; lastKnownFileType = sourcecode.swift; path = City.swift; sourceTree = "<group>"; };
		83A99BE227A886BB00F01F0E /* Double+extension.swift */ = {isa = PBXFileReference; lastKnownFileType = sourcecode.swift; path = "Double+extension.swift"; sourceTree = "<group>"; };
		83AE5EC427A7075B00A9289D /* AddPlacesView.swift */ = {isa = PBXFileReference; lastKnownFileType = sourcecode.swift; path = AddPlacesView.swift; sourceTree = "<group>"; };
		8ADD9971320D671AF820A7A8 /* Pods-MyLocalWeather.debug.xcconfig */ = {isa = PBXFileReference; includeInIndex = 1; lastKnownFileType = text.xcconfig; name = "Pods-MyLocalWeather.debug.xcconfig"; path = "Target Support Files/Pods-MyLocalWeather/Pods-MyLocalWeather.debug.xcconfig"; sourceTree = "<group>"; };
/* End PBXFileReference section */

/* Begin PBXFrameworksBuildPhase section */
		83A1DFEB27A4582200E047B4 /* Frameworks */ = {
			isa = PBXFrameworksBuildPhase;
			buildActionMask = 2147483647;
			files = (
				8311283B27A74E20002428B5 /* CoreLocation.framework in Frameworks */,
				83A1E02127A4A5A500E047B4 /* RealmSwift in Frameworks */,
				83A1E01F27A4A5A500E047B4 /* Realm in Frameworks */,
				25E7A3E88668AB4630A0CA7C /* libPods-MyLocalWeather.a in Frameworks */,
			);
			runOnlyForDeploymentPostprocessing = 0;
		};
		83A1DFFB27A4582300E047B4 /* Frameworks */ = {
			isa = PBXFrameworksBuildPhase;
			buildActionMask = 2147483647;
			files = (
			);
			runOnlyForDeploymentPostprocessing = 0;
		};
		83A1E00527A4582300E047B4 /* Frameworks */ = {
			isa = PBXFrameworksBuildPhase;
			buildActionMask = 2147483647;
			files = (
			);
			runOnlyForDeploymentPostprocessing = 0;
		};
/* End PBXFrameworksBuildPhase section */

/* Begin PBXGroup section */
		442A12E1C89947D496FE8E62 /* Frameworks */ = {
			isa = PBXGroup;
			children = (
				8311283A27A74E20002428B5 /* CoreLocation.framework */,
				63FAD35DCFF3A78F6CA26339 /* libPods-MyLocalWeather.a */,
			);
			name = Frameworks;
			sourceTree = "<group>";
		};
		8311283727A74C9D002428B5 /* OpenWeatherAPI */ = {
			isa = PBXGroup;
			children = (
				8311283827A74DDB002428B5 /* WeatherApi.swift */,
			);
			path = OpenWeatherAPI;
			sourceTree = "<group>";
		};
		8311283C27A75E8D002428B5 /* Managers */ = {
			isa = PBXGroup;
			children = (
				8311283D27A75EB8002428B5 /* DownloadManager.swift */,
			);
			path = Managers;
			sourceTree = "<group>";
		};
		83A1DFE527A4582100E047B4 = {
			isa = PBXGroup;
			children = (
				83A1DFF027A4582200E047B4 /* MyLocalWeather */,
				83A1E00127A4582300E047B4 /* MyLocalWeatherTests */,
				83A1E00B27A4582300E047B4 /* MyLocalWeatherUITests */,
				83A1DFEF27A4582200E047B4 /* Products */,
				D90BB05775223CBC7A5C90B8 /* Pods */,
				442A12E1C89947D496FE8E62 /* Frameworks */,
			);
			sourceTree = "<group>";
		};
		83A1DFEF27A4582200E047B4 /* Products */ = {
			isa = PBXGroup;
			children = (
				83A1DFEE27A4582200E047B4 /* MyLocalWeather.app */,
				83A1DFFE27A4582300E047B4 /* MyLocalWeatherTests.xctest */,
				83A1E00827A4582300E047B4 /* MyLocalWeatherUITests.xctest */,
			);
			name = Products;
			sourceTree = "<group>";
		};
		83A1DFF027A4582200E047B4 /* MyLocalWeather */ = {
			isa = PBXGroup;
			children = (
				83A99BE127A8869700F01F0E /* extensions */,
				8311283C27A75E8D002428B5 /* Managers */,
				83A1E02527A4A90500E047B4 /* Views */,
				83A1E02227A4A8E800E047B4 /* Model */,
				83A1DFF127A4582200E047B4 /* MyLocalWeatherApp.swift */,
				83A1DFF527A4582300E047B4 /* Assets.xcassets */,
				83A1DFF727A4582300E047B4 /* Preview Content */,
			);
			path = MyLocalWeather;
			sourceTree = "<group>";
		};
		83A1DFF727A4582300E047B4 /* Preview Content */ = {
			isa = PBXGroup;
			children = (
				83A1DFF827A4582300E047B4 /* Preview Assets.xcassets */,
			);
			path = "Preview Content";
			sourceTree = "<group>";
		};
		83A1E00127A4582300E047B4 /* MyLocalWeatherTests */ = {
			isa = PBXGroup;
			children = (
				83A1E00227A4582300E047B4 /* MyLocalWeatherTests.swift */,
			);
			path = MyLocalWeatherTests;
			sourceTree = "<group>";
		};
		83A1E00B27A4582300E047B4 /* MyLocalWeatherUITests */ = {
			isa = PBXGroup;
			children = (
				83A1E00C27A4582300E047B4 /* MyLocalWeatherUITests.swift */,
				83A1E00E27A4582300E047B4 /* MyLocalWeatherUITestsLaunchTests.swift */,
			);
			path = MyLocalWeatherUITests;
			sourceTree = "<group>";
		};
		83A1E02227A4A8E800E047B4 /* Model */ = {
			isa = PBXGroup;
			children = (
				8311283727A74C9D002428B5 /* OpenWeatherAPI */,
				83A1E02327A4A8FB00E047B4 /* City.swift */,
				8361F58227A4D6C700E7D4EC /* Group.swift */,
				8311283F27A77577002428B5 /* Location.swift */,
			);
			path = Model;
			sourceTree = "<group>";
		};
		83A1E02527A4A90500E047B4 /* Views */ = {
			isa = PBXGroup;
			children = (
				83A1E01B27A47B4300E047B4 /* CityListItemView.swift */,
				83A1DFF327A4582200E047B4 /* CityListNavView.swift */,
				8361F58027A4D39500E7D4EC /* ForecastDetailsView.swift */,
				83AE5EC327A6F6F200A9289D /* GooglePlaces */,
			);
			path = Views;
			sourceTree = "<group>";
		};
		83A99BE127A8869700F01F0E /* extensions */ = {
			isa = PBXGroup;
			children = (
				83A99BE227A886BB00F01F0E /* Double+extension.swift */,
			);
			path = extensions;
			sourceTree = "<group>";
		};
		83AE5EC327A6F6F200A9289D /* GooglePlaces */ = {
			isa = PBXGroup;
			children = (
				83AE5EC427A7075B00A9289D /* AddPlacesView.swift */,
			);
			path = GooglePlaces;
			sourceTree = "<group>";
		};
		D90BB05775223CBC7A5C90B8 /* Pods */ = {
			isa = PBXGroup;
			children = (
				8ADD9971320D671AF820A7A8 /* Pods-MyLocalWeather.debug.xcconfig */,
				487A3F2D9C95D8A974D95890 /* Pods-MyLocalWeather.release.xcconfig */,
			);
			path = Pods;
			sourceTree = "<group>";
		};
/* End PBXGroup section */

/* Begin PBXNativeTarget section */
		83A1DFED27A4582200E047B4 /* MyLocalWeather */ = {
			isa = PBXNativeTarget;
			buildConfigurationList = 83A1E01227A4582300E047B4 /* Build configuration list for PBXNativeTarget "MyLocalWeather" */;
			buildPhases = (
				E5EFEF74AB472A7711519B6C /* [CP] Check Pods Manifest.lock */,
				83A1DFEA27A4582200E047B4 /* Sources */,
				83A1DFEB27A4582200E047B4 /* Frameworks */,
				83A1DFEC27A4582200E047B4 /* Resources */,
				9F338FB7209F0EB31CB6B80D /* [CP] Copy Pods Resources */,
			);
			buildRules = (
			);
			dependencies = (
			);
			name = MyLocalWeather;
			packageProductDependencies = (
				83A1E01E27A4A5A500E047B4 /* Realm */,
				83A1E02027A4A5A500E047B4 /* RealmSwift */,
			);
			productName = MyLocalWeather;
			productReference = 83A1DFEE27A4582200E047B4 /* MyLocalWeather.app */;
			productType = "com.apple.product-type.application";
		};
		83A1DFFD27A4582300E047B4 /* MyLocalWeatherTests */ = {
			isa = PBXNativeTarget;
			buildConfigurationList = 83A1E01527A4582300E047B4 /* Build configuration list for PBXNativeTarget "MyLocalWeatherTests" */;
			buildPhases = (
				83A1DFFA27A4582300E047B4 /* Sources */,
				83A1DFFB27A4582300E047B4 /* Frameworks */,
				83A1DFFC27A4582300E047B4 /* Resources */,
			);
			buildRules = (
			);
			dependencies = (
				83A1E00027A4582300E047B4 /* PBXTargetDependency */,
			);
			name = MyLocalWeatherTests;
			productName = MyLocalWeatherTests;
			productReference = 83A1DFFE27A4582300E047B4 /* MyLocalWeatherTests.xctest */;
			productType = "com.apple.product-type.bundle.unit-test";
		};
		83A1E00727A4582300E047B4 /* MyLocalWeatherUITests */ = {
			isa = PBXNativeTarget;
			buildConfigurationList = 83A1E01827A4582300E047B4 /* Build configuration list for PBXNativeTarget "MyLocalWeatherUITests" */;
			buildPhases = (
				83A1E00427A4582300E047B4 /* Sources */,
				83A1E00527A4582300E047B4 /* Frameworks */,
				83A1E00627A4582300E047B4 /* Resources */,
			);
			buildRules = (
			);
			dependencies = (
				83A1E00A27A4582300E047B4 /* PBXTargetDependency */,
			);
			name = MyLocalWeatherUITests;
			productName = MyLocalWeatherUITests;
			productReference = 83A1E00827A4582300E047B4 /* MyLocalWeatherUITests.xctest */;
			productType = "com.apple.product-type.bundle.ui-testing";
		};
/* End PBXNativeTarget section */

/* Begin PBXProject section */
		83A1DFE627A4582100E047B4 /* Project object */ = {
			isa = PBXProject;
			attributes = {
				BuildIndependentTargetsInParallel = 1;
				LastSwiftUpdateCheck = 1320;
				LastUpgradeCheck = 1320;
				TargetAttributes = {
					83A1DFED27A4582200E047B4 = {
						CreatedOnToolsVersion = 13.2.1;
					};
					83A1DFFD27A4582300E047B4 = {
						CreatedOnToolsVersion = 13.2.1;
						TestTargetID = 83A1DFED27A4582200E047B4;
					};
					83A1E00727A4582300E047B4 = {
						CreatedOnToolsVersion = 13.2.1;
						TestTargetID = 83A1DFED27A4582200E047B4;
					};
				};
			};
			buildConfigurationList = 83A1DFE927A4582100E047B4 /* Build configuration list for PBXProject "MyLocalWeather" */;
			compatibilityVersion = "Xcode 13.0";
			developmentRegion = en;
			hasScannedForEncodings = 0;
			knownRegions = (
				en,
				Base,
			);
			mainGroup = 83A1DFE527A4582100E047B4;
			packageReferences = (
				83A1E01D27A4A5A500E047B4 /* XCRemoteSwiftPackageReference "realm-swift" */,
			);
			productRefGroup = 83A1DFEF27A4582200E047B4 /* Products */;
			projectDirPath = "";
			projectRoot = "";
			targets = (
				83A1DFED27A4582200E047B4 /* MyLocalWeather */,
				83A1DFFD27A4582300E047B4 /* MyLocalWeatherTests */,
				83A1E00727A4582300E047B4 /* MyLocalWeatherUITests */,
			);
		};
/* End PBXProject section */

/* Begin PBXResourcesBuildPhase section */
		83A1DFEC27A4582200E047B4 /* Resources */ = {
			isa = PBXResourcesBuildPhase;
			buildActionMask = 2147483647;
			files = (
				83A1DFF927A4582300E047B4 /* Preview Assets.xcassets in Resources */,
				83A1DFF627A4582300E047B4 /* Assets.xcassets in Resources */,
			);
			runOnlyForDeploymentPostprocessing = 0;
		};
		83A1DFFC27A4582300E047B4 /* Resources */ = {
			isa = PBXResourcesBuildPhase;
			buildActionMask = 2147483647;
			files = (
			);
			runOnlyForDeploymentPostprocessing = 0;
		};
		83A1E00627A4582300E047B4 /* Resources */ = {
			isa = PBXResourcesBuildPhase;
			buildActionMask = 2147483647;
			files = (
			);
			runOnlyForDeploymentPostprocessing = 0;
		};
/* End PBXResourcesBuildPhase section */

/* Begin PBXShellScriptBuildPhase section */
		9F338FB7209F0EB31CB6B80D /* [CP] Copy Pods Resources */ = {
			isa = PBXShellScriptBuildPhase;
			buildActionMask = 2147483647;
			files = (
			);
			inputFileListPaths = (
				"${PODS_ROOT}/Target Support Files/Pods-MyLocalWeather/Pods-MyLocalWeather-resources-${CONFIGURATION}-input-files.xcfilelist",
			);
			name = "[CP] Copy Pods Resources";
			outputFileListPaths = (
				"${PODS_ROOT}/Target Support Files/Pods-MyLocalWeather/Pods-MyLocalWeather-resources-${CONFIGURATION}-output-files.xcfilelist",
			);
			runOnlyForDeploymentPostprocessing = 0;
			shellPath = /bin/sh;
			shellScript = "\"${PODS_ROOT}/Target Support Files/Pods-MyLocalWeather/Pods-MyLocalWeather-resources.sh\"\n";
			showEnvVarsInLog = 0;
		};
		E5EFEF74AB472A7711519B6C /* [CP] Check Pods Manifest.lock */ = {
			isa = PBXShellScriptBuildPhase;
			buildActionMask = 2147483647;
			files = (
			);
			inputFileListPaths = (
			);
			inputPaths = (
				"${PODS_PODFILE_DIR_PATH}/Podfile.lock",
				"${PODS_ROOT}/Manifest.lock",
			);
			name = "[CP] Check Pods Manifest.lock";
			outputFileListPaths = (
			);
			outputPaths = (
				"$(DERIVED_FILE_DIR)/Pods-MyLocalWeather-checkManifestLockResult.txt",
			);
			runOnlyForDeploymentPostprocessing = 0;
			shellPath = /bin/sh;
			shellScript = "diff \"${PODS_PODFILE_DIR_PATH}/Podfile.lock\" \"${PODS_ROOT}/Manifest.lock\" > /dev/null\nif [ $? != 0 ] ; then\n    # print error to STDERR\n    echo \"error: The sandbox is not in sync with the Podfile.lock. Run 'pod install' or update your CocoaPods installation.\" >&2\n    exit 1\nfi\n# This output is used by Xcode 'outputs' to avoid re-running this script phase.\necho \"SUCCESS\" > \"${SCRIPT_OUTPUT_FILE_0}\"\n";
			showEnvVarsInLog = 0;
		};
/* End PBXShellScriptBuildPhase section */

/* Begin PBXSourcesBuildPhase section */
		83A1DFEA27A4582200E047B4 /* Sources */ = {
			isa = PBXSourcesBuildPhase;
			buildActionMask = 2147483647;
			files = (
				83A1E01C27A47B4300E047B4 /* CityListItemView.swift in Sources */,
				8361F58127A4D39500E7D4EC /* ForecastDetailsView.swift in Sources */,
				8311284027A77577002428B5 /* Location.swift in Sources */,
				83AE5EC527A7075B00A9289D /* AddPlacesView.swift in Sources */,
				83A1DFF427A4582200E047B4 /* CityListNavView.swift in Sources */,
				8361F58327A4D6C700E7D4EC /* Group.swift in Sources */,
				8311283927A74DDB002428B5 /* WeatherApi.swift in Sources */,
				83A1E02427A4A8FB00E047B4 /* City.swift in Sources */,
				8311283E27A75EB8002428B5 /* DownloadManager.swift in Sources */,
				83A99BE327A886BB00F01F0E /* Double+extension.swift in Sources */,
				83A1DFF227A4582200E047B4 /* MyLocalWeatherApp.swift in Sources */,
			);
			runOnlyForDeploymentPostprocessing = 0;
		};
		83A1DFFA27A4582300E047B4 /* Sources */ = {
			isa = PBXSourcesBuildPhase;
			buildActionMask = 2147483647;
			files = (
				83A1E00327A4582300E047B4 /* MyLocalWeatherTests.swift in Sources */,
			);
			runOnlyForDeploymentPostprocessing = 0;
		};
		83A1E00427A4582300E047B4 /* Sources */ = {
			isa = PBXSourcesBuildPhase;
			buildActionMask = 2147483647;
			files = (
				83A1E00D27A4582300E047B4 /* MyLocalWeatherUITests.swift in Sources */,
				83A1E00F27A4582300E047B4 /* MyLocalWeatherUITestsLaunchTests.swift in Sources */,
			);
			runOnlyForDeploymentPostprocessing = 0;
		};
/* End PBXSourcesBuildPhase section */

/* Begin PBXTargetDependency section */
		83A1E00027A4582300E047B4 /* PBXTargetDependency */ = {
			isa = PBXTargetDependency;
			target = 83A1DFED27A4582200E047B4 /* MyLocalWeather */;
			targetProxy = 83A1DFFF27A4582300E047B4 /* PBXContainerItemProxy */;
		};
		83A1E00A27A4582300E047B4 /* PBXTargetDependency */ = {
			isa = PBXTargetDependency;
			target = 83A1DFED27A4582200E047B4 /* MyLocalWeather */;
			targetProxy = 83A1E00927A4582300E047B4 /* PBXContainerItemProxy */;
		};
/* End PBXTargetDependency section */

/* Begin XCBuildConfiguration section */
		83A1E01027A4582300E047B4 /* Debug */ = {
			isa = XCBuildConfiguration;
			buildSettings = {
				ALWAYS_SEARCH_USER_PATHS = NO;
				CLANG_ANALYZER_NONNULL = YES;
				CLANG_ANALYZER_NUMBER_OBJECT_CONVERSION = YES_AGGRESSIVE;
				CLANG_CXX_LANGUAGE_STANDARD = "gnu++17";
				CLANG_CXX_LIBRARY = "libc++";
				CLANG_ENABLE_MODULES = YES;
				CLANG_ENABLE_OBJC_ARC = YES;
				CLANG_ENABLE_OBJC_WEAK = YES;
				CLANG_WARN_BLOCK_CAPTURE_AUTORELEASING = YES;
				CLANG_WARN_BOOL_CONVERSION = YES;
				CLANG_WARN_COMMA = YES;
				CLANG_WARN_CONSTANT_CONVERSION = YES;
				CLANG_WARN_DEPRECATED_OBJC_IMPLEMENTATIONS = YES;
				CLANG_WARN_DIRECT_OBJC_ISA_USAGE = YES_ERROR;
				CLANG_WARN_DOCUMENTATION_COMMENTS = YES;
				CLANG_WARN_EMPTY_BODY = YES;
				CLANG_WARN_ENUM_CONVERSION = YES;
				CLANG_WARN_INFINITE_RECURSION = YES;
				CLANG_WARN_INT_CONVERSION = YES;
				CLANG_WARN_NON_LITERAL_NULL_CONVERSION = YES;
				CLANG_WARN_OBJC_IMPLICIT_RETAIN_SELF = YES;
				CLANG_WARN_OBJC_LITERAL_CONVERSION = YES;
				CLANG_WARN_OBJC_ROOT_CLASS = YES_ERROR;
				CLANG_WARN_QUOTED_INCLUDE_IN_FRAMEWORK_HEADER = YES;
				CLANG_WARN_RANGE_LOOP_ANALYSIS = YES;
				CLANG_WARN_STRICT_PROTOTYPES = YES;
				CLANG_WARN_SUSPICIOUS_MOVE = YES;
				CLANG_WARN_UNGUARDED_AVAILABILITY = YES_AGGRESSIVE;
				CLANG_WARN_UNREACHABLE_CODE = YES;
				CLANG_WARN__DUPLICATE_METHOD_MATCH = YES;
				COPY_PHASE_STRIP = NO;
				DEBUG_INFORMATION_FORMAT = dwarf;
				ENABLE_STRICT_OBJC_MSGSEND = YES;
				ENABLE_TESTABILITY = YES;
				GCC_C_LANGUAGE_STANDARD = gnu11;
				GCC_DYNAMIC_NO_PIC = NO;
				GCC_NO_COMMON_BLOCKS = YES;
				GCC_OPTIMIZATION_LEVEL = 0;
				GCC_PREPROCESSOR_DEFINITIONS = (
					"DEBUG=1",
					"$(inherited)",
				);
				GCC_WARN_64_TO_32_BIT_CONVERSION = YES;
				GCC_WARN_ABOUT_RETURN_TYPE = YES_ERROR;
				GCC_WARN_UNDECLARED_SELECTOR = YES;
				GCC_WARN_UNINITIALIZED_AUTOS = YES_AGGRESSIVE;
				GCC_WARN_UNUSED_FUNCTION = YES;
				GCC_WARN_UNUSED_VARIABLE = YES;
				IPHONEOS_DEPLOYMENT_TARGET = 15.2;
				MTL_ENABLE_DEBUG_INFO = INCLUDE_SOURCE;
				MTL_FAST_MATH = YES;
				ONLY_ACTIVE_ARCH = YES;
				SDKROOT = iphoneos;
				SWIFT_ACTIVE_COMPILATION_CONDITIONS = DEBUG;
				SWIFT_OPTIMIZATION_LEVEL = "-Onone";
			};
			name = Debug;
		};
		83A1E01127A4582300E047B4 /* Release */ = {
			isa = XCBuildConfiguration;
			buildSettings = {
				ALWAYS_SEARCH_USER_PATHS = NO;
				CLANG_ANALYZER_NONNULL = YES;
				CLANG_ANALYZER_NUMBER_OBJECT_CONVERSION = YES_AGGRESSIVE;
				CLANG_CXX_LANGUAGE_STANDARD = "gnu++17";
				CLANG_CXX_LIBRARY = "libc++";
				CLANG_ENABLE_MODULES = YES;
				CLANG_ENABLE_OBJC_ARC = YES;
				CLANG_ENABLE_OBJC_WEAK = YES;
				CLANG_WARN_BLOCK_CAPTURE_AUTORELEASING = YES;
				CLANG_WARN_BOOL_CONVERSION = YES;
				CLANG_WARN_COMMA = YES;
				CLANG_WARN_CONSTANT_CONVERSION = YES;
				CLANG_WARN_DEPRECATED_OBJC_IMPLEMENTATIONS = YES;
				CLANG_WARN_DIRECT_OBJC_ISA_USAGE = YES_ERROR;
				CLANG_WARN_DOCUMENTATION_COMMENTS = YES;
				CLANG_WARN_EMPTY_BODY = YES;
				CLANG_WARN_ENUM_CONVERSION = YES;
				CLANG_WARN_INFINITE_RECURSION = YES;
				CLANG_WARN_INT_CONVERSION = YES;
				CLANG_WARN_NON_LITERAL_NULL_CONVERSION = YES;
				CLANG_WARN_OBJC_IMPLICIT_RETAIN_SELF = YES;
				CLANG_WARN_OBJC_LITERAL_CONVERSION = YES;
				CLANG_WARN_OBJC_ROOT_CLASS = YES_ERROR;
				CLANG_WARN_QUOTED_INCLUDE_IN_FRAMEWORK_HEADER = YES;
				CLANG_WARN_RANGE_LOOP_ANALYSIS = YES;
				CLANG_WARN_STRICT_PROTOTYPES = YES;
				CLANG_WARN_SUSPICIOUS_MOVE = YES;
				CLANG_WARN_UNGUARDED_AVAILABILITY = YES_AGGRESSIVE;
				CLANG_WARN_UNREACHABLE_CODE = YES;
				CLANG_WARN__DUPLICATE_METHOD_MATCH = YES;
				COPY_PHASE_STRIP = NO;
				DEBUG_INFORMATION_FORMAT = "dwarf-with-dsym";
				ENABLE_NS_ASSERTIONS = NO;
				ENABLE_STRICT_OBJC_MSGSEND = YES;
				GCC_C_LANGUAGE_STANDARD = gnu11;
				GCC_NO_COMMON_BLOCKS = YES;
				GCC_WARN_64_TO_32_BIT_CONVERSION = YES;
				GCC_WARN_ABOUT_RETURN_TYPE = YES_ERROR;
				GCC_WARN_UNDECLARED_SELECTOR = YES;
				GCC_WARN_UNINITIALIZED_AUTOS = YES_AGGRESSIVE;
				GCC_WARN_UNUSED_FUNCTION = YES;
				GCC_WARN_UNUSED_VARIABLE = YES;
				IPHONEOS_DEPLOYMENT_TARGET = 15.2;
				MTL_ENABLE_DEBUG_INFO = NO;
				MTL_FAST_MATH = YES;
				SDKROOT = iphoneos;
				SWIFT_COMPILATION_MODE = wholemodule;
				SWIFT_OPTIMIZATION_LEVEL = "-O";
				VALIDATE_PRODUCT = YES;
			};
			name = Release;
		};
		83A1E01327A4582300E047B4 /* Debug */ = {
			isa = XCBuildConfiguration;
			baseConfigurationReference = 8ADD9971320D671AF820A7A8 /* Pods-MyLocalWeather.debug.xcconfig */;
			buildSettings = {
				ASSETCATALOG_COMPILER_APPICON_NAME = AppIcon;
				ASSETCATALOG_COMPILER_GLOBAL_ACCENT_COLOR_NAME = AccentColor;
				CODE_SIGN_STYLE = Automatic;
				CURRENT_PROJECT_VERSION = 1;
				DEVELOPMENT_ASSET_PATHS = "\"MyLocalWeather/Preview Content\"";
				DEVELOPMENT_TEAM = 284AAE3JYX;
				ENABLE_PREVIEWS = YES;
				GENERATE_INFOPLIST_FILE = YES;
				INFOPLIST_FILE = MyLocalWeather/Info.plist;
				INFOPLIST_KEY_CFBundleDisplayName = "";
				INFOPLIST_KEY_NSLocalNetworkUsageDescription = "Connect to the network to fetch local weather";
				INFOPLIST_KEY_UIApplicationSceneManifest_Generation = YES;
				INFOPLIST_KEY_UIApplicationSupportsIndirectInputEvents = YES;
				INFOPLIST_KEY_UISupportedInterfaceOrientations_iPad = "UIInterfaceOrientationPortrait UIInterfaceOrientationPortraitUpsideDown UIInterfaceOrientationLandscapeLeft UIInterfaceOrientationLandscapeRight";
				INFOPLIST_KEY_UISupportedInterfaceOrientations_iPhone = "UIInterfaceOrientationPortrait UIInterfaceOrientationLandscapeLeft UIInterfaceOrientationLandscapeRight";
				LD_RUNPATH_SEARCH_PATHS = (
					"$(inherited)",
					"@executable_path/Frameworks",
				);
				MARKETING_VERSION = 1.0;
				PRODUCT_BUNDLE_IDENTIFIER = com.warner.chris.MyLocalWeather;
				PRODUCT_NAME = "$(TARGET_NAME)";
				SWIFT_EMIT_LOC_STRINGS = YES;
				SWIFT_VERSION = 5.0;
				TARGETED_DEVICE_FAMILY = "1,2";
			};
			name = Debug;
		};
		83A1E01427A4582300E047B4 /* Release */ = {
			isa = XCBuildConfiguration;
			baseConfigurationReference = 487A3F2D9C95D8A974D95890 /* Pods-MyLocalWeather.release.xcconfig */;
			buildSettings = {
				ASSETCATALOG_COMPILER_APPICON_NAME = AppIcon;
				ASSETCATALOG_COMPILER_GLOBAL_ACCENT_COLOR_NAME = AccentColor;
				CODE_SIGN_STYLE = Automatic;
				CURRENT_PROJECT_VERSION = 1;
				DEVELOPMENT_ASSET_PATHS = "\"MyLocalWeather/Preview Content\"";
				DEVELOPMENT_TEAM = 284AAE3JYX;
				ENABLE_PREVIEWS = YES;
				GENERATE_INFOPLIST_FILE = YES;
				INFOPLIST_FILE = MyLocalWeather/Info.plist;
				INFOPLIST_KEY_CFBundleDisplayName = "";
				INFOPLIST_KEY_NSLocalNetworkUsageDescription = "Connect to the network to fetch local weather";
				INFOPLIST_KEY_UIApplicationSceneManifest_Generation = YES;
				INFOPLIST_KEY_UIApplicationSupportsIndirectInputEvents = YES;
				INFOPLIST_KEY_UISupportedInterfaceOrientations_iPad = "UIInterfaceOrientationPortrait UIInterfaceOrientationPortraitUpsideDown UIInterfaceOrientationLandscapeLeft UIInterfaceOrientationLandscapeRight";
				INFOPLIST_KEY_UISupportedInterfaceOrientations_iPhone = "UIInterfaceOrientationPortrait UIInterfaceOrientationLandscapeLeft UIInterfaceOrientationLandscapeRight";
				LD_RUNPATH_SEARCH_PATHS = (
					"$(inherited)",
					"@executable_path/Frameworks",
				);
				MARKETING_VERSION = 1.0;
				PRODUCT_BUNDLE_IDENTIFIER = com.warner.chris.MyLocalWeather;
				PRODUCT_NAME = "$(TARGET_NAME)";
				SWIFT_EMIT_LOC_STRINGS = YES;
				SWIFT_VERSION = 5.0;
				TARGETED_DEVICE_FAMILY = "1,2";
			};
			name = Release;
		};
		83A1E01627A4582300E047B4 /* Debug */ = {
			isa = XCBuildConfiguration;
			buildSettings = {
				ALWAYS_EMBED_SWIFT_STANDARD_LIBRARIES = YES;
				BUNDLE_LOADER = "$(TEST_HOST)";
				CODE_SIGN_STYLE = Automatic;
				CURRENT_PROJECT_VERSION = 1;
				DEVELOPMENT_TEAM = 284AAE3JYX;
				GENERATE_INFOPLIST_FILE = YES;
				IPHONEOS_DEPLOYMENT_TARGET = 15.2;
				MARKETING_VERSION = 1.0;
				PRODUCT_BUNDLE_IDENTIFIER = com.warner.chris.MyLocalWeatherTests;
				PRODUCT_NAME = "$(TARGET_NAME)";
				SWIFT_EMIT_LOC_STRINGS = NO;
				SWIFT_VERSION = 5.0;
				TARGETED_DEVICE_FAMILY = "1,2";
				TEST_HOST = "$(BUILT_PRODUCTS_DIR)/MyLocalWeather.app/MyLocalWeather";
			};
			name = Debug;
		};
		83A1E01727A4582300E047B4 /* Release */ = {
			isa = XCBuildConfiguration;
			buildSettings = {
				ALWAYS_EMBED_SWIFT_STANDARD_LIBRARIES = YES;
				BUNDLE_LOADER = "$(TEST_HOST)";
				CODE_SIGN_STYLE = Automatic;
				CURRENT_PROJECT_VERSION = 1;
				DEVELOPMENT_TEAM = 284AAE3JYX;
				GENERATE_INFOPLIST_FILE = YES;
				IPHONEOS_DEPLOYMENT_TARGET = 15.2;
				MARKETING_VERSION = 1.0;
				PRODUCT_BUNDLE_IDENTIFIER = com.warner.chris.MyLocalWeatherTests;
				PRODUCT_NAME = "$(TARGET_NAME)";
				SWIFT_EMIT_LOC_STRINGS = NO;
				SWIFT_VERSION = 5.0;
				TARGETED_DEVICE_FAMILY = "1,2";
				TEST_HOST = "$(BUILT_PRODUCTS_DIR)/MyLocalWeather.app/MyLocalWeather";
			};
			name = Release;
		};
		83A1E01927A4582300E047B4 /* Debug */ = {
			isa = XCBuildConfiguration;
			buildSettings = {
				ALWAYS_EMBED_SWIFT_STANDARD_LIBRARIES = YES;
				CODE_SIGN_STYLE = Automatic;
				CURRENT_PROJECT_VERSION = 1;
				DEVELOPMENT_TEAM = 284AAE3JYX;
				GENERATE_INFOPLIST_FILE = YES;
				MARKETING_VERSION = 1.0;
				PRODUCT_BUNDLE_IDENTIFIER = com.warner.chris.MyLocalWeatherUITests;
				PRODUCT_NAME = "$(TARGET_NAME)";
				SWIFT_EMIT_LOC_STRINGS = NO;
				SWIFT_VERSION = 5.0;
				TARGETED_DEVICE_FAMILY = "1,2";
				TEST_TARGET_NAME = MyLocalWeather;
			};
			name = Debug;
		};
		83A1E01A27A4582300E047B4 /* Release */ = {
			isa = XCBuildConfiguration;
			buildSettings = {
				ALWAYS_EMBED_SWIFT_STANDARD_LIBRARIES = YES;
				CODE_SIGN_STYLE = Automatic;
				CURRENT_PROJECT_VERSION = 1;
				DEVELOPMENT_TEAM = 284AAE3JYX;
				GENERATE_INFOPLIST_FILE = YES;
				MARKETING_VERSION = 1.0;
				PRODUCT_BUNDLE_IDENTIFIER = com.warner.chris.MyLocalWeatherUITests;
				PRODUCT_NAME = "$(TARGET_NAME)";
				SWIFT_EMIT_LOC_STRINGS = NO;
				SWIFT_VERSION = 5.0;
				TARGETED_DEVICE_FAMILY = "1,2";
				TEST_TARGET_NAME = MyLocalWeather;
			};
			name = Release;
		};
/* End XCBuildConfiguration section */

/* Begin XCConfigurationList section */
		83A1DFE927A4582100E047B4 /* Build configuration list for PBXProject "MyLocalWeather" */ = {
			isa = XCConfigurationList;
			buildConfigurations = (
				83A1E01027A4582300E047B4 /* Debug */,
				83A1E01127A4582300E047B4 /* Release */,
			);
			defaultConfigurationIsVisible = 0;
			defaultConfigurationName = Release;
		};
		83A1E01227A4582300E047B4 /* Build configuration list for PBXNativeTarget "MyLocalWeather" */ = {
			isa = XCConfigurationList;
			buildConfigurations = (
				83A1E01327A4582300E047B4 /* Debug */,
				83A1E01427A4582300E047B4 /* Release */,
			);
			defaultConfigurationIsVisible = 0;
			defaultConfigurationName = Release;
		};
		83A1E01527A4582300E047B4 /* Build configuration list for PBXNativeTarget "MyLocalWeatherTests" */ = {
			isa = XCConfigurationList;
			buildConfigurations = (
				83A1E01627A4582300E047B4 /* Debug */,
				83A1E01727A4582300E047B4 /* Release */,
			);
			defaultConfigurationIsVisible = 0;
			defaultConfigurationName = Release;
		};
		83A1E01827A4582300E047B4 /* Build configuration list for PBXNativeTarget "MyLocalWeatherUITests" */ = {
			isa = XCConfigurationList;
			buildConfigurations = (
				83A1E01927A4582300E047B4 /* Debug */,
				83A1E01A27A4582300E047B4 /* Release */,
			);
			defaultConfigurationIsVisible = 0;
			defaultConfigurationName = Release;
		};
/* End XCConfigurationList section */

/* Begin XCRemoteSwiftPackageReference section */
		83A1E01D27A4A5A500E047B4 /* XCRemoteSwiftPackageReference "realm-swift" */ = {
			isa = XCRemoteSwiftPackageReference;
			repositoryURL = "git@github.com:realm/realm-swift.git";
			requirement = {
				kind = upToNextMinorVersion;
				minimumVersion = 10.20.0;
			};
		};
/* End XCRemoteSwiftPackageReference section */

/* Begin XCSwiftPackageProductDependency section */
		83A1E01E27A4A5A500E047B4 /* Realm */ = {
			isa = XCSwiftPackageProductDependency;
			package = 83A1E01D27A4A5A500E047B4 /* XCRemoteSwiftPackageReference "realm-swift" */;
			productName = Realm;
		};
		83A1E02027A4A5A500E047B4 /* RealmSwift */ = {
			isa = XCSwiftPackageProductDependency;
			package = 83A1E01D27A4A5A500E047B4 /* XCRemoteSwiftPackageReference "realm-swift" */;
			productName = RealmSwift;
		};
/* End XCSwiftPackageProductDependency section */
	};
	rootObject = 83A1DFE627A4582100E047B4 /* Project object */;
}
