// !$*UTF8*$!
{
	archiveVersion = 1;
	classes = {
	};
	objectVersion = 55;
	objects = {

/* Begin PBXBuildFile section */
		83A1DFF227A4582200E047B4 /* MyLocalWeatherApp.swift in Sources */ = {isa = PBXBuildFile; fileRef = 83A1DFF127A4582200E047B4 /* MyLocalWeatherApp.swift */; };
		83A1DFF427A4582200E047B4 /* CityListNavView.swift in Sources */ = {isa = PBXBuildFile; fileRef = 83A1DFF327A4582200E047B4 /* CityListNavView.swift */; };
		83A1DFF627A4582300E047B4 /* Assets.xcassets in Resources */ = {isa = PBXBuildFile; fileRef = 83A1DFF527A4582300E047B4 /* Assets.xcassets */; };
		83A1DFF927A4582300E047B4 /* Preview Assets.xcassets in Resources */ = {isa = PBXBuildFile; fileRef = 83A1DFF827A4582300E047B4 /* Preview Assets.xcassets */; };
		83A1E00327A4582300E047B4 /* MyLocalWeatherTests.swift in Sources */ = {isa = PBXBuildFile; fileRef = 83A1E00227A4582300E047B4 /* MyLocalWeatherTests.swift */; };
		83A1E00D27A4582300E047B4 /* MyLocalWeatherUITests.swift in Sources */ = {isa = PBXBuildFile; fileRef = 83A1E00C27A4582300E047B4 /* MyLocalWeatherUITests.swift */; };
		83A1E00F27A4582300E047B4 /* MyLocalWeatherUITestsLaunchTests.swift in Sources */ = {isa = PBXBuildFile; fileRef = 83A1E00E27A4582300E047B4 /* MyLocalWeatherUITestsLaunchTests.swift */; };
/* End PBXBuildFile section */

/* Begin PBXContainerItemProxy section */
		83A1DFFF27A4582300E047B4 /* PBXContainerItemProxy */ = {
			isa = PBXContainerItemProxy;
			containerPortal = 83A1DFE627A4582100E047B4 /* Project object */;
			proxyType = 1;
			remoteGlobalIDString = 83A1DFED27A4582200E047B4;
			remoteInfo = MyLocalWeather;
		};
		83A1E00927A4582300E047B4 /* PBXContainerItemProxy */ = {
			isa = PBXContainerItemProxy;
			containerPortal = 83A1DFE627A4582100E047B4 /* Project object */;
			proxyType = 1;
			remoteGlobalIDString = 83A1DFED27A4582200E047B4;
			remoteInfo = MyLocalWeather;
		};
/* End PBXContainerItemProxy section */

/* Begin PBXFileReference section */
		83A1DFEE27A4582200E047B4 /* MyLocalWeather.app */ = {isa = PBXFileReference; explicitFileType = wrapper.application; includeInIndex = 0; path = MyLocalWeather.app; sourceTree = BUILT_PRODUCTS_DIR; };
		83A1DFF127A4582200E047B4 /* MyLocalWeatherApp.swift */ = {isa = PBXFileReference; lastKnownFileType = sourcecode.swift; path = MyLocalWeatherApp.swift; sourceTree = "<group>"; };
		83A1DFF327A4582200E047B4 /* CityListNavView.swift */ = {isa = PBXFileReference; lastKnownFileType = sourcecode.swift; path = CityListNavView.swift; sourceTree = "<group>"; };
		83A1DFF527A4582300E047B4 /* Assets.xcassets */ = {isa = PBXFileReference; lastKnownFileType = folder.assetcatalog; path = Assets.xcassets; sourceTree = "<group>"; };
		83A1DFF827A4582300E047B4 /* Preview Assets.xcassets */ = {isa = PBXFileReference; lastKnownFileType = folder.assetcatalog; path = "Preview Assets.xcassets"; sourceTree = "<group>"; };
		83A1DFFE27A4582300E047B4 /* MyLocalWeatherTests.xctest */ = {isa = PBXFileReference; explicitFileType = wrapper.cfbundle; includeInIndex = 0; path = MyLocalWeatherTests.xctest; sourceTree = BUILT_PRODUCTS_DIR; };
		83A1E00227A4582300E047B4 /* MyLocalWeatherTests.swift */ = {isa = PBXFileReference; lastKnownFileType = sourcecode.swift; path = MyLocalWeatherTests.swift; sourceTree = "<group>"; };
		83A1E00827A4582300E047B4 /* MyLocalWeatherUITests.xctest */ = {isa = PBXFileReference; explicitFileType = wrapper.cfbundle; includeInIndex = 0; path = MyLocalWeatherUITests.xctest; sourceTree = BUILT_PRODUCTS_DIR; };
		83A1E00C27A4582300E047B4 /* MyLocalWeatherUITests.swift */ = {isa = PBXFileReference; lastKnownFileType = sourcecode.swift; path = MyLocalWeatherUITests.swift; sourceTree = "<group>"; };
		83A1E00E27A4582300E047B4 /* MyLocalWeatherUITestsLaunchTests.swift */ = {isa = PBXFileReference; lastKnownFileType = sourcecode.swift; path = MyLocalWeatherUITestsLaunchTests.swift; sourceTree = "<group>"; };
/* End PBXFileReference section */

/* Begin PBXFrameworksBuildPhase section */
		83A1DFEB27A4582200E047B4 /* Frameworks */ = {
			isa = PBXFrameworksBuildPhase;
			buildActionMask = 2147483647;
			files = (
			);
			runOnlyForDeploymentPostprocessing = 0;
		};
		83A1DFFB27A4582300E047B4 /* Frameworks */ = {
			isa = PBXFrameworksBuildPhase;
			buildActionMask = 2147483647;
			files = (
			);
			runOnlyForDeploymentPostprocessing = 0;
		};
		83A1E00527A4582300E047B4 /* Frameworks */ = {
			isa = PBXFrameworksBuildPhase;
			buildActionMask = 2147483647;
			files = (
			);
			runOnlyForDeploymentPostprocessing = 0;
		};
/* End PBXFrameworksBuildPhase section */

/* Begin PBXGroup section */
		83A1DFE527A4582100E047B4 = {
			isa = PBXGroup;
			children = (
				83A1DFF027A4582200E047B4 /* MyLocalWeather */,
				83A1E00127A4582300E047B4 /* MyLocalWeatherTests */,
				83A1E00B27A4582300E047B4 /* MyLocalWeatherUITests */,
				83A1DFEF27A4582200E047B4 /* Products */,
			);
			sourceTree = "<group>";
		};
		83A1DFEF27A4582200E047B4 /* Products */ = {
			isa = PBXGroup;
			children = (
				83A1DFEE27A4582200E047B4 /* MyLocalWeather.app */,
				83A1DFFE27A4582300E047B4 /* MyLocalWeatherTests.xctest */,
				83A1E00827A4582300E047B4 /* MyLocalWeatherUITests.xctest */,
			);
			name = Products;
			sourceTree = "<group>";
		};
		83A1DFF027A4582200E047B4 /* MyLocalWeather */ = {
			isa = PBXGroup;
			children = (
				83A1DFF127A4582200E047B4 /* MyLocalWeatherApp.swift */,
				83A1DFF327A4582200E047B4 /* CityListNavView.swift */,
				83A1DFF527A4582300E047B4 /* Assets.xcassets */,
				83A1DFF727A4582300E047B4 /* Preview Content */,
			);
			path = MyLocalWeather;
			sourceTree = "<group>";
		};
		83A1DFF727A4582300E047B4 /* Preview Content */ = {
			isa = PBXGroup;
			children = (
				83A1DFF827A4582300E047B4 /* Preview Assets.xcassets */,
			);
			path = "Preview Content";
			sourceTree = "<group>";
		};
		83A1E00127A4582300E047B4 /* MyLocalWeatherTests */ = {
			isa = PBXGroup;
			children = (
				83A1E00227A4582300E047B4 /* MyLocalWeatherTests.swift */,
			);
			path = MyLocalWeatherTests;
			sourceTree = "<group>";
		};
		83A1E00B27A4582300E047B4 /* MyLocalWeatherUITests */ = {
			isa = PBXGroup;
			children = (
				83A1E00C27A4582300E047B4 /* MyLocalWeatherUITests.swift */,
				83A1E00E27A4582300E047B4 /* MyLocalWeatherUITestsLaunchTests.swift */,
			);
			path = MyLocalWeatherUITests;
			sourceTree = "<group>";
		};
/* End PBXGroup section */

/* Begin PBXNativeTarget section */
		83A1DFED27A4582200E047B4 /* MyLocalWeather */ = {
			isa = PBXNativeTarget;
			buildConfigurationList = 83A1E01227A4582300E047B4 /* Build configuration list for PBXNativeTarget "MyLocalWeather" */;
			buildPhases = (
				83A1DFEA27A4582200E047B4 /* Sources */,
				83A1DFEB27A4582200E047B4 /* Frameworks */,
				83A1DFEC27A4582200E047B4 /* Resources */,
			);
			buildRules = (
			);
			dependencies = (
			);
			name = MyLocalWeather;
			productName = MyLocalWeather;
			productReference = 83A1DFEE27A4582200E047B4 /* MyLocalWeather.app */;
			productType = "com.apple.product-type.application";
		};
		83A1DFFD27A4582300E047B4 /* MyLocalWeatherTests */ = {
			isa = PBXNativeTarget;
			buildConfigurationList = 83A1E01527A4582300E047B4 /* Build configuration list for PBXNativeTarget "MyLocalWeatherTests" */;
			buildPhases = (
				83A1DFFA27A4582300E047B4 /* Sources */,
				83A1DFFB27A4582300E047B4 /* Frameworks */,
				83A1DFFC27A4582300E047B4 /* Resources */,
			);
			buildRules = (
			);
			dependencies = (
				83A1E00027A4582300E047B4 /* PBXTargetDependency */,
			);
			name = MyLocalWeatherTests;
			productName = MyLocalWeatherTests;
			productReference = 83A1DFFE27A4582300E047B4 /* MyLocalWeatherTests.xctest */;
			productType = "com.apple.product-type.bundle.unit-test";
		};
		83A1E00727A4582300E047B4 /* MyLocalWeatherUITests */ = {
			isa = PBXNativeTarget;
			buildConfigurationList = 83A1E01827A4582300E047B4 /* Build configuration list for PBXNativeTarget "MyLocalWeatherUITests" */;
			buildPhases = (
				83A1E00427A4582300E047B4 /* Sources */,
				83A1E00527A4582300E047B4 /* Frameworks */,
				83A1E00627A4582300E047B4 /* Resources */,
			);
			buildRules = (
			);
			dependencies = (
				83A1E00A27A4582300E047B4 /* PBXTargetDependency */,
			);
			name = MyLocalWeatherUITests;
			productName = MyLocalWeatherUITests;
			productReference = 83A1E00827A4582300E047B4 /* MyLocalWeatherUITests.xctest */;
			productType = "com.apple.product-type.bundle.ui-testing";
		};
/* End PBXNativeTarget section */

/* Begin PBXProject section */
		83A1DFE627A4582100E047B4 /* Project object */ = {
			isa = PBXProject;
			attributes = {
				BuildIndependentTargetsInParallel = 1;
				LastSwiftUpdateCheck = 1320;
				LastUpgradeCheck = 1320;
				TargetAttributes = {
					83A1DFED27A4582200E047B4 = {
						CreatedOnToolsVersion = 13.2.1;
					};
					83A1DFFD27A4582300E047B4 = {
						CreatedOnToolsVersion = 13.2.1;
						TestTargetID = 83A1DFED27A4582200E047B4;
					};
					83A1E00727A4582300E047B4 = {
						CreatedOnToolsVersion = 13.2.1;
						TestTargetID = 83A1DFED27A4582200E047B4;
					};
				};
			};
			buildConfigurationList = 83A1DFE927A4582100E047B4 /* Build configuration list for PBXProject "MyLocalWeather" */;
			compatibilityVersion = "Xcode 13.0";
			developmentRegion = en;
			hasScannedForEncodings = 0;
			knownRegions = (
				en,
				Base,
			);
			mainGroup = 83A1DFE527A4582100E047B4;
			productRefGroup = 83A1DFEF27A4582200E047B4 /* Products */;
			projectDirPath = "";
			projectRoot = "";
			targets = (
				83A1DFED27A4582200E047B4 /* MyLocalWeather */,
				83A1DFFD27A4582300E047B4 /* MyLocalWeatherTests */,
				83A1E00727A4582300E047B4 /* MyLocalWeatherUITests */,
			);
		};
/* End PBXProject section */

/* Begin PBXResourcesBuildPhase section */
		83A1DFEC27A4582200E047B4 /* Resources */ = {
			isa = PBXResourcesBuildPhase;
			buildActionMask = 2147483647;
			files = (
				83A1DFF927A4582300E047B4 /* Preview Assets.xcassets in Resources */,
				83A1DFF627A4582300E047B4 /* Assets.xcassets in Resources */,
			);
			runOnlyForDeploymentPostprocessing = 0;
		};
		83A1DFFC27A4582300E047B4 /* Resources */ = {
			isa = PBXResourcesBuildPhase;
			buildActionMask = 2147483647;
			files = (
			);
			runOnlyForDeploymentPostprocessing = 0;
		};
		83A1E00627A4582300E047B4 /* Resources */ = {
			isa = PBXResourcesBuildPhase;
			buildActionMask = 2147483647;
			files = (
			);
			runOnlyForDeploymentPostprocessing = 0;
		};
/* End PBXResourcesBuildPhase section */

/* Begin PBXSourcesBuildPhase section */
		83A1DFEA27A4582200E047B4 /* Sources */ = {
			isa = PBXSourcesBuildPhase;
			buildActionMask = 2147483647;
			files = (
				83A1DFF427A4582200E047B4 /* CityListNavView.swift in Sources */,
				83A1DFF227A4582200E047B4 /* MyLocalWeatherApp.swift in Sources */,
			);
			runOnlyForDeploymentPostprocessing = 0;
		};
		83A1DFFA27A4582300E047B4 /* Sources */ = {
			isa = PBXSourcesBuildPhase;
			buildActionMask = 2147483647;
			files = (
				83A1E00327A4582300E047B4 /* MyLocalWeatherTests.swift in Sources */,
			);
			runOnlyForDeploymentPostprocessing = 0;
		};
		83A1E00427A4582300E047B4 /* Sources */ = {
			isa = PBXSourcesBuildPhase;
			buildActionMask = 2147483647;
			files = (
				83A1E00D27A4582300E047B4 /* MyLocalWeatherUITests.swift in Sources */,
				83A1E00F27A4582300E047B4 /* MyLocalWeatherUITestsLaunchTests.swift in Sources */,
			);
			runOnlyForDeploymentPostprocessing = 0;
		};
/* End PBXSourcesBuildPhase section */

/* Begin PBXTargetDependency section */
		83A1E00027A4582300E047B4 /* PBXTargetDependency */ = {
			isa = PBXTargetDependency;
			target = 83A1DFED27A4582200E047B4 /* MyLocalWeather */;
			targetProxy = 83A1DFFF27A4582300E047B4 /* PBXContainerItemProxy */;
		};
		83A1E00A27A4582300E047B4 /* PBXTargetDependency */ = {
			isa = PBXTargetDependency;
			target = 83A1DFED27A4582200E047B4 /* MyLocalWeather */;
			targetProxy = 83A1E00927A4582300E047B4 /* PBXContainerItemProxy */;
		};
/* End PBXTargetDependency section */

/* Begin XCBuildConfiguration section */
		83A1E01027A4582300E047B4 /* Debug */ = {
			isa = XCBuildConfiguration;
			buildSettings = {
				ALWAYS_SEARCH_USER_PATHS = NO;
				CLANG_ANALYZER_NONNULL = YES;
				CLANG_ANALYZER_NUMBER_OBJECT_CONVERSION = YES_AGGRESSIVE;
				CLANG_CXX_LANGUAGE_STANDARD = "gnu++17";
				CLANG_CXX_LIBRARY = "libc++";
				CLANG_ENABLE_MODULES = YES;
				CLANG_ENABLE_OBJC_ARC = YES;
				CLANG_ENABLE_OBJC_WEAK = YES;
				CLANG_WARN_BLOCK_CAPTURE_AUTORELEASING = YES;
				CLANG_WARN_BOOL_CONVERSION = YES;
				CLANG_WARN_COMMA = YES;
				CLANG_WARN_CONSTANT_CONVERSION = YES;
				CLANG_WARN_DEPRECATED_OBJC_IMPLEMENTATIONS = YES;
				CLANG_WARN_DIRECT_OBJC_ISA_USAGE = YES_ERROR;
				CLANG_WARN_DOCUMENTATION_COMMENTS = YES;
				CLANG_WARN_EMPTY_BODY = YES;
				CLANG_WARN_ENUM_CONVERSION = YES;
				CLANG_WARN_INFINITE_RECURSION = YES;
				CLANG_WARN_INT_CONVERSION = YES;
				CLANG_WARN_NON_LITERAL_NULL_CONVERSION = YES;
				CLANG_WARN_OBJC_IMPLICIT_RETAIN_SELF = YES;
				CLANG_WARN_OBJC_LITERAL_CONVERSION = YES;
				CLANG_WARN_OBJC_ROOT_CLASS = YES_ERROR;
				CLANG_WARN_QUOTED_INCLUDE_IN_FRAMEWORK_HEADER = YES;
				CLANG_WARN_RANGE_LOOP_ANALYSIS = YES;
				CLANG_WARN_STRICT_PROTOTYPES = YES;
				CLANG_WARN_SUSPICIOUS_MOVE = YES;
				CLANG_WARN_UNGUARDED_AVAILABILITY = YES_AGGRESSIVE;
				CLANG_WARN_UNREACHABLE_CODE = YES;
				CLANG_WARN__DUPLICATE_METHOD_MATCH = YES;
				COPY_PHASE_STRIP = NO;
				DEBUG_INFORMATION_FORMAT = dwarf;
				ENABLE_STRICT_OBJC_MSGSEND = YES;
				ENABLE_TESTABILITY = YES;
				GCC_C_LANGUAGE_STANDARD = gnu11;
				GCC_DYNAMIC_NO_PIC = NO;
				GCC_NO_COMMON_BLOCKS = YES;
				GCC_OPTIMIZATION_LEVEL = 0;
				GCC_PREPROCESSOR_DEFINITIONS = (
					"DEBUG=1",
					"$(inherited)",
				);
				GCC_WARN_64_TO_32_BIT_CONVERSION = YES;
				GCC_WARN_ABOUT_RETURN_TYPE = YES_ERROR;
				GCC_WARN_UNDECLARED_SELECTOR = YES;
				GCC_WARN_UNINITIALIZED_AUTOS = YES_AGGRESSIVE;
				GCC_WARN_UNUSED_FUNCTION = YES;
				GCC_WARN_UNUSED_VARIABLE = YES;
				IPHONEOS_DEPLOYMENT_TARGET = 15.2;
				MTL_ENABLE_DEBUG_INFO = INCLUDE_SOURCE;
				MTL_FAST_MATH = YES;
				ONLY_ACTIVE_ARCH = YES;
				SDKROOT = iphoneos;
				SWIFT_ACTIVE_COMPILATION_CONDITIONS = DEBUG;
				SWIFT_OPTIMIZATION_LEVEL = "-Onone";
			};
			name = Debug;
		};
		83A1E01127A4582300E047B4 /* Release */ = {
			isa = XCBuildConfiguration;
			buildSettings = {
				ALWAYS_SEARCH_USER_PATHS = NO;
				CLANG_ANALYZER_NONNULL = YES;
				CLANG_ANALYZER_NUMBER_OBJECT_CONVERSION = YES_AGGRESSIVE;
				CLANG_CXX_LANGUAGE_STANDARD = "gnu++17";
				CLANG_CXX_LIBRARY = "libc++";
				CLANG_ENABLE_MODULES = YES;
				CLANG_ENABLE_OBJC_ARC = YES;
				CLANG_ENABLE_OBJC_WEAK = YES;
				CLANG_WARN_BLOCK_CAPTURE_AUTORELEASING = YES;
				CLANG_WARN_BOOL_CONVERSION = YES;
				CLANG_WARN_COMMA = YES;
				CLANG_WARN_CONSTANT_CONVERSION = YES;
				CLANG_WARN_DEPRECATED_OBJC_IMPLEMENTATIONS = YES;
				CLANG_WARN_DIRECT_OBJC_ISA_USAGE = YES_ERROR;
				CLANG_WARN_DOCUMENTATION_COMMENTS = YES;
				CLANG_WARN_EMPTY_BODY = YES;
				CLANG_WARN_ENUM_CONVERSION = YES;
				CLANG_WARN_INFINITE_RECURSION = YES;
				CLANG_WARN_INT_CONVERSION = YES;
				CLANG_WARN_NON_LITERAL_NULL_CONVERSION = YES;
				CLANG_WARN_OBJC_IMPLICIT_RETAIN_SELF = YES;
				CLANG_WARN_OBJC_LITERAL_CONVERSION = YES;
				CLANG_WARN_OBJC_ROOT_CLASS = YES_ERROR;
				CLANG_WARN_QUOTED_INCLUDE_IN_FRAMEWORK_HEADER = YES;
				CLANG_WARN_RANGE_LOOP_ANALYSIS = YES;
				CLANG_WARN_STRICT_PROTOTYPES = YES;
				CLANG_WARN_SUSPICIOUS_MOVE = YES;
				CLANG_WARN_UNGUARDED_AVAILABILITY = YES_AGGRESSIVE;
				CLANG_WARN_UNREACHABLE_CODE = YES;
				CLANG_WARN__DUPLICATE_METHOD_MATCH = YES;
				COPY_PHASE_STRIP = NO;
				DEBUG_INFORMATION_FORMAT = "dwarf-with-dsym";
				ENABLE_NS_ASSERTIONS = NO;
				ENABLE_STRICT_OBJC_MSGSEND = YES;
				GCC_C_LANGUAGE_STANDARD = gnu11;
				GCC_NO_COMMON_BLOCKS = YES;
				GCC_WARN_64_TO_32_BIT_CONVERSION = YES;
				GCC_WARN_ABOUT_RETURN_TYPE = YES_ERROR;
				GCC_WARN_UNDECLARED_SELECTOR = YES;
				GCC_WARN_UNINITIALIZED_AUTOS = YES_AGGRESSIVE;
				GCC_WARN_UNUSED_FUNCTION = YES;
				GCC_WARN_UNUSED_VARIABLE = YES;
				IPHONEOS_DEPLOYMENT_TARGET = 15.2;
				MTL_ENABLE_DEBUG_INFO = NO;
				MTL_FAST_MATH = YES;
				SDKROOT = iphoneos;
				SWIFT_COMPILATION_MODE = wholemodule;
				SWIFT_OPTIMIZATION_LEVEL = "-O";
				VALIDATE_PRODUCT = YES;
			};
			name = Release;
		};
		83A1E01327A4582300E047B4 /* Debug */ = {
			isa = XCBuildConfiguration;
			buildSettings = {
				ASSETCATALOG_COMPILER_APPICON_NAME = AppIcon;
				ASSETCATALOG_COMPILER_GLOBAL_ACCENT_COLOR_NAME = AccentColor;
				CODE_SIGN_STYLE = Automatic;
				CURRENT_PROJECT_VERSION = 1;
				DEVELOPMENT_ASSET_PATHS = "\"MyLocalWeather/Preview Content\"";
				DEVELOPMENT_TEAM = 284AAE3JYX;
				ENABLE_PREVIEWS = YES;
				GENERATE_INFOPLIST_FILE = YES;
				INFOPLIST_KEY_UIApplicationSceneManifest_Generation = YES;
				INFOPLIST_KEY_UIApplicationSupportsIndirectInputEvents = YES;
				INFOPLIST_KEY_UILaunchScreen_Generation = YES;
				INFOPLIST_KEY_UISupportedInterfaceOrientations_iPad = "UIInterfaceOrientationPortrait UIInterfaceOrientationPortraitUpsideDown UIInterfaceOrientationLandscapeLeft UIInterfaceOrientationLandscapeRight";
				INFOPLIST_KEY_UISupportedInterfaceOrientations_iPhone = "UIInterfaceOrientationPortrait UIInterfaceOrientationLandscapeLeft UIInterfaceOrientationLandscapeRight";
				LD_RUNPATH_SEARCH_PATHS = (
					"$(inherited)",
					"@executable_path/Frameworks",
				);
				MARKETING_VERSION = 1.0;
				PRODUCT_BUNDLE_IDENTIFIER = com.warner.chris.MyLocalWeather;
				PRODUCT_NAME = "$(TARGET_NAME)";
				SWIFT_EMIT_LOC_STRINGS = YES;
				SWIFT_VERSION = 5.0;
				TARGETED_DEVICE_FAMILY = "1,2";
			};
			name = Debug;
		};
		83A1E01427A4582300E047B4 /* Release */ = {
			isa = XCBuildConfiguration;
			buildSettings = {
				ASSETCATALOG_COMPILER_APPICON_NAME = AppIcon;
				ASSETCATALOG_COMPILER_GLOBAL_ACCENT_COLOR_NAME = AccentColor;
				CODE_SIGN_STYLE = Automatic;
				CURRENT_PROJECT_VERSION = 1;
				DEVELOPMENT_ASSET_PATHS = "\"MyLocalWeather/Preview Content\"";
				DEVELOPMENT_TEAM = 284AAE3JYX;
				ENABLE_PREVIEWS = YES;
				GENERATE_INFOPLIST_FILE = YES;
				INFOPLIST_KEY_UIApplicationSceneManifest_Generation = YES;
				INFOPLIST_KEY_UIApplicationSupportsIndirectInputEvents = YES;
				INFOPLIST_KEY_UILaunchScreen_Generation = YES;
				INFOPLIST_KEY_UISupportedInterfaceOrientations_iPad = "UIInterfaceOrientationPortrait UIInterfaceOrientationPortraitUpsideDown UIInterfaceOrientationLandscapeLeft UIInterfaceOrientationLandscapeRight";
				INFOPLIST_KEY_UISupportedInterfaceOrientations_iPhone = "UIInterfaceOrientationPortrait UIInterfaceOrientationLandscapeLeft UIInterfaceOrientationLandscapeRight";
				LD_RUNPATH_SEARCH_PATHS = (
					"$(inherited)",
					"@executable_path/Frameworks",
				);
				MARKETING_VERSION = 1.0;
				PRODUCT_BUNDLE_IDENTIFIER = com.warner.chris.MyLocalWeather;
				PRODUCT_NAME = "$(TARGET_NAME)";
				SWIFT_EMIT_LOC_STRINGS = YES;
				SWIFT_VERSION = 5.0;
				TARGETED_DEVICE_FAMILY = "1,2";
			};
			name = Release;
		};
		83A1E01627A4582300E047B4 /* Debug */ = {
			isa = XCBuildConfiguration;
			buildSettings = {
				ALWAYS_EMBED_SWIFT_STANDARD_LIBRARIES = YES;
				BUNDLE_LOADER = "$(TEST_HOST)";
				CODE_SIGN_STYLE = Automatic;
				CURRENT_PROJECT_VERSION = 1;
				DEVELOPMENT_TEAM = 284AAE3JYX;
				GENERATE_INFOPLIST_FILE = YES;
				IPHONEOS_DEPLOYMENT_TARGET = 15.2;
				MARKETING_VERSION = 1.0;
				PRODUCT_BUNDLE_IDENTIFIER = com.warner.chris.MyLocalWeatherTests;
				PRODUCT_NAME = "$(TARGET_NAME)";
				SWIFT_EMIT_LOC_STRINGS = NO;
				SWIFT_VERSION = 5.0;
				TARGETED_DEVICE_FAMILY = "1,2";
				TEST_HOST = "$(BUILT_PRODUCTS_DIR)/MyLocalWeather.app/MyLocalWeather";
			};
			name = Debug;
		};
		83A1E01727A4582300E047B4 /* Release */ = {
			isa = XCBuildConfiguration;
			buildSettings = {
				ALWAYS_EMBED_SWIFT_STANDARD_LIBRARIES = YES;
				BUNDLE_LOADER = "$(TEST_HOST)";
				CODE_SIGN_STYLE = Automatic;
				CURRENT_PROJECT_VERSION = 1;
				DEVELOPMENT_TEAM = 284AAE3JYX;
				GENERATE_INFOPLIST_FILE = YES;
				IPHONEOS_DEPLOYMENT_TARGET = 15.2;
				MARKETING_VERSION = 1.0;
				PRODUCT_BUNDLE_IDENTIFIER = com.warner.chris.MyLocalWeatherTests;
				PRODUCT_NAME = "$(TARGET_NAME)";
				SWIFT_EMIT_LOC_STRINGS = NO;
				SWIFT_VERSION = 5.0;
				TARGETED_DEVICE_FAMILY = "1,2";
				TEST_HOST = "$(BUILT_PRODUCTS_DIR)/MyLocalWeather.app/MyLocalWeather";
			};
			name = Release;
		};
		83A1E01927A4582300E047B4 /* Debug */ = {
			isa = XCBuildConfiguration;
			buildSettings = {
				ALWAYS_EMBED_SWIFT_STANDARD_LIBRARIES = YES;
				CODE_SIGN_STYLE = Automatic;
				CURRENT_PROJECT_VERSION = 1;
				DEVELOPMENT_TEAM = 284AAE3JYX;
				GENERATE_INFOPLIST_FILE = YES;
				MARKETING_VERSION = 1.0;
				PRODUCT_BUNDLE_IDENTIFIER = com.warner.chris.MyLocalWeatherUITests;
				PRODUCT_NAME = "$(TARGET_NAME)";
				SWIFT_EMIT_LOC_STRINGS = NO;
				SWIFT_VERSION = 5.0;
				TARGETED_DEVICE_FAMILY = "1,2";
				TEST_TARGET_NAME = MyLocalWeather;
			};
			name = Debug;
		};
		83A1E01A27A4582300E047B4 /* Release */ = {
			isa = XCBuildConfiguration;
			buildSettings = {
				ALWAYS_EMBED_SWIFT_STANDARD_LIBRARIES = YES;
				CODE_SIGN_STYLE = Automatic;
				CURRENT_PROJECT_VERSION = 1;
				DEVELOPMENT_TEAM = 284AAE3JYX;
				GENERATE_INFOPLIST_FILE = YES;
				MARKETING_VERSION = 1.0;
				PRODUCT_BUNDLE_IDENTIFIER = com.warner.chris.MyLocalWeatherUITests;
				PRODUCT_NAME = "$(TARGET_NAME)";
				SWIFT_EMIT_LOC_STRINGS = NO;
				SWIFT_VERSION = 5.0;
				TARGETED_DEVICE_FAMILY = "1,2";
				TEST_TARGET_NAME = MyLocalWeather;
			};
			name = Release;
		};
/* End XCBuildConfiguration section */

/* Begin XCConfigurationList section */
		83A1DFE927A4582100E047B4 /* Build configuration list for PBXProject "MyLocalWeather" */ = {
			isa = XCConfigurationList;
			buildConfigurations = (
				83A1E01027A4582300E047B4 /* Debug */,
				83A1E01127A4582300E047B4 /* Release */,
			);
			defaultConfigurationIsVisible = 0;
			defaultConfigurationName = Release;
		};
		83A1E01227A4582300E047B4 /* Build configuration list for PBXNativeTarget "MyLocalWeather" */ = {
			isa = XCConfigurationList;
			buildConfigurations = (
				83A1E01327A4582300E047B4 /* Debug */,
				83A1E01427A4582300E047B4 /* Release */,
			);
			defaultConfigurationIsVisible = 0;
			defaultConfigurationName = Release;
		};
		83A1E01527A4582300E047B4 /* Build configuration list for PBXNativeTarget "MyLocalWeatherTests" */ = {
			isa = XCConfigurationList;
			buildConfigurations = (
				83A1E01627A4582300E047B4 /* Debug */,
				83A1E01727A4582300E047B4 /* Release */,
			);
			defaultConfigurationIsVisible = 0;
			defaultConfigurationName = Release;
		};
		83A1E01827A4582300E047B4 /* Build configuration list for PBXNativeTarget "MyLocalWeatherUITests" */ = {
			isa = XCConfigurationList;
			buildConfigurations = (
				83A1E01927A4582300E047B4 /* Debug */,
				83A1E01A27A4582300E047B4 /* Release */,
			);
			defaultConfigurationIsVisible = 0;
			defaultConfigurationName = Release;
		};
/* End XCConfigurationList section */
	};
	rootObject = 83A1DFE627A4582100E047B4 /* Project object */;
}
